// !$*UTF8*$!
{
	archiveVersion = 1;
	classes = {
	};
	objectVersion = 46;
	objects = {

/* Begin PBXBuildFile section */
		49229DC01F0540A5007772BF /* AppDelegate.swift in Sources */ = {isa = PBXBuildFile; fileRef = 49229DBF1F0540A5007772BF /* AppDelegate.swift */; };
		49229DC21F0540A5007772BF /* ViewController.swift in Sources */ = {isa = PBXBuildFile; fileRef = 49229DC11F0540A5007772BF /* ViewController.swift */; };
		49229DC51F0540A5007772BF /* Main.storyboard in Resources */ = {isa = PBXBuildFile; fileRef = 49229DC31F0540A5007772BF /* Main.storyboard */; };
		49229DC71F0540A5007772BF /* Assets.xcassets in Resources */ = {isa = PBXBuildFile; fileRef = 49229DC61F0540A5007772BF /* Assets.xcassets */; };
		49229DCA1F0540A5007772BF /* LaunchScreen.storyboard in Resources */ = {isa = PBXBuildFile; fileRef = 49229DC81F0540A5007772BF /* LaunchScreen.storyboard */; };
/* End PBXBuildFile section */

/* Begin PBXFileReference section */
		49229DBC1F0540A5007772BF /* LikeRainningDays.app */ = {isa = PBXFileReference; explicitFileType = wrapper.application; includeInIndex = 0; path = LikeRainningDays.app; sourceTree = BUILT_PRODUCTS_DIR; };
		49229DBF1F0540A5007772BF /* AppDelegate.swift */ = {isa = PBXFileReference; lastKnownFileType = sourcecode.swift; path = AppDelegate.swift; sourceTree = "<group>"; };
		49229DC11F0540A5007772BF /* ViewController.swift */ = {isa = PBXFileReference; lastKnownFileType = sourcecode.swift; path = ViewController.swift; sourceTree = "<group>"; };
		49229DC41F0540A5007772BF /* Base */ = {isa = PBXFileReference; lastKnownFileType = file.storyboard; name = Base; path = Base.lproj/Main.storyboard; sourceTree = "<group>"; };
		49229DC61F0540A5007772BF /* Assets.xcassets */ = {isa = PBXFileReference; lastKnownFileType = folder.assetcatalog; path = Assets.xcassets; sourceTree = "<group>"; };
		49229DC91F0540A5007772BF /* Base */ = {isa = PBXFileReference; lastKnownFileType = file.storyboard; name = Base; path = Base.lproj/LaunchScreen.storyboard; sourceTree = "<group>"; };
		49229DCB1F0540A5007772BF /* Info.plist */ = {isa = PBXFileReference; lastKnownFileType = text.plist.xml; path = Info.plist; sourceTree = "<group>"; };
/* End PBXFileReference section */

/* Begin PBXFrameworksBuildPhase section */
		49229DB91F0540A5007772BF /* Frameworks */ = {
			isa = PBXFrameworksBuildPhase;
			buildActionMask = 2147483647;
			files = (
			);
			runOnlyForDeploymentPostprocessing = 0;
		};
/* End PBXFrameworksBuildPhase section */

/* Begin PBXGroup section */
		49229DB31F0540A5007772BF = {
			isa = PBXGroup;
			children = (
				49229DBE1F0540A5007772BF /* LikeRainningDays */,
				49229DBD1F0540A5007772BF /* Products */,
			);
			sourceTree = "<group>";
		};
		49229DBD1F0540A5007772BF /* Products */ = {
			isa = PBXGroup;
			children = (
				49229DBC1F0540A5007772BF /* LikeRainningDays.app */,
			);
			name = Products;
			sourceTree = "<group>";
		};
		49229DBE1F0540A5007772BF /* LikeRainningDays */ = {
			isa = PBXGroup;
			children = (
				49229DBF1F0540A5007772BF /* AppDelegate.swift */,
				49229DC11F0540A5007772BF /* ViewController.swift */,
				49229DC31F0540A5007772BF /* Main.storyboard */,
				49229DC61F0540A5007772BF /* Assets.xcassets */,
				49229DC81F0540A5007772BF /* LaunchScreen.storyboard */,
				49229DCB1F0540A5007772BF /* Info.plist */,
			);
			path = LikeRainningDays;
			sourceTree = "<group>";
		};
/* End PBXGroup section */

/* Begin PBXNativeTarget section */
		49229DBB1F0540A5007772BF /* LikeRainningDays */ = {
			isa = PBXNativeTarget;
			buildConfigurationList = 49229DCE1F0540A5007772BF /* Build configuration list for PBXNativeTarget "LikeRainningDays" */;
			buildPhases = (
				49229DB81F0540A5007772BF /* Sources */,
				49229DB91F0540A5007772BF /* Frameworks */,
				49229DBA1F0540A5007772BF /* Resources */,
			);
			buildRules = (
			);
			dependencies = (
			);
			name = LikeRainningDays;
			productName = LikeRainningDays;
			productReference = 49229DBC1F0540A5007772BF /* LikeRainningDays.app */;
			productType = "com.apple.product-type.application";
		};
/* End PBXNativeTarget section */

/* Begin PBXProject section */
		49229DB41F0540A5007772BF /* Project object */ = {
			isa = PBXProject;
			attributes = {
				LastSwiftUpdateCheck = 0830;
				LastUpgradeCheck = 0830;
				ORGANIZATIONNAME = Whut;
				TargetAttributes = {
					49229DBB1F0540A5007772BF = {
						CreatedOnToolsVersion = 8.3.3;
						ProvisioningStyle = Automatic;
					};
				};
			};
			buildConfigurationList = 49229DB71F0540A5007772BF /* Build configuration list for PBXProject "LikeRainningDays" */;
			compatibilityVersion = "Xcode 3.2";
			developmentRegion = English;
			hasScannedForEncodings = 0;
			knownRegions = (
				en,
				Base,
			);
			mainGroup = 49229DB31F0540A5007772BF;
			productRefGroup = 49229DBD1F0540A5007772BF /* Products */;
			projectDirPath = "";
			projectRoot = "";
			targets = (
				49229DBB1F0540A5007772BF /* LikeRainningDays */,
			);
		};
/* End PBXProject section */

/* Begin PBXResourcesBuildPhase section */
		49229DBA1F0540A5007772BF /* Resources */ = {
			isa = PBXResourcesBuildPhase;
			buildActionMask = 2147483647;
			files = (
				49229DCA1F0540A5007772BF /* LaunchScreen.storyboard in Resources */,
				49229DC71F0540A5007772BF /* Assets.xcassets in Resources */,
				49229DC51F0540A5007772BF /* Main.storyboard in Resources */,
			);
			runOnlyForDeploymentPostprocessing = 0;
		};
/* End PBXResourcesBuildPhase section */

/* Begin PBXSourcesBuildPhase section */
		49229DB81F0540A5007772BF /* Sources */ = {
			isa = PBXSourcesBuildPhase;
			buildActionMask = 2147483647;
			files = (
				49229DC21F0540A5007772BF /* ViewController.swift in Sources */,
				49229DC01F0540A5007772BF /* AppDelegate.swift in Sources */,
			);
			runOnlyForDeploymentPostprocessing = 0;
		};
/* End PBXSourcesBuildPhase section */

/* Begin PBXVariantGroup section */
		49229DC31F0540A5007772BF /* Main.storyboard */ = {
			isa = PBXVariantGroup;
			children = (
				49229DC41F0540A5007772BF /* Base */,
			);
			name = Main.storyboard;
			sourceTree = "<group>";
		};
		49229DC81F0540A5007772BF /* LaunchScreen.storyboard */ = {
			isa = PBXVariantGroup;
			children = (
				49229DC91F0540A5007772BF /* Base */,
			);
			name = LaunchScreen.storyboard;
			sourceTree = "<group>";
		};
/* End PBXVariantGroup section */

/* Begin XCBuildConfiguration section */
		49229DCC1F0540A5007772BF /* Debug */ = {
			isa = XCBuildConfiguration;
			buildSettings = {
				ALWAYS_SEARCH_USER_PATHS = NO;
				CLANG_ANALYZER_NONNULL = YES;
				CLANG_ANALYZER_NUMBER_OBJECT_CONVERSION = YES_AGGRESSIVE;
				CLANG_CXX_LANGUAGE_STANDARD = "gnu++0x";
				CLANG_CXX_LIBRARY = "libc++";
				CLANG_ENABLE_MODULES = YES;
				CLANG_ENABLE_OBJC_ARC = YES;
				CLANG_WARN_BOOL_CONVERSION = YES;
				CLANG_WARN_CONSTANT_CONVERSION = YES;
				CLANG_WARN_DIRECT_OBJC_ISA_USAGE = YES_ERROR;
				CLANG_WARN_DOCUMENTATION_COMMENTS = YES;
				CLANG_WARN_EMPTY_BODY = YES;
				CLANG_WARN_ENUM_CONVERSION = YES;
				CLANG_WARN_INFINITE_RECURSION = YES;
				CLANG_WARN_INT_CONVERSION = YES;
				CLANG_WARN_OBJC_ROOT_CLASS = YES_ERROR;
				CLANG_WARN_SUSPICIOUS_MOVE = YES;
				CLANG_WARN_UNREACHABLE_CODE = YES;
				CLANG_WARN__DUPLICATE_METHOD_MATCH = YES;
				"CODE_SIGN_IDENTITY[sdk=iphoneos*]" = "iPhone Developer";
				COPY_PHASE_STRIP = NO;
				DEBUG_INFORMATION_FORMAT = dwarf;
				ENABLE_STRICT_OBJC_MSGSEND = YES;
				ENABLE_TESTABILITY = YES;
				GCC_C_LANGUAGE_STANDARD = gnu99;
				GCC_DYNAMIC_NO_PIC = NO;
				GCC_NO_COMMON_BLOCKS = YES;
				GCC_OPTIMIZATION_LEVEL = 0;
				GCC_PREPROCESSOR_DEFINITIONS = (
					"DEBUG=1",
					"$(inherited)",
				);
				GCC_WARN_64_TO_32_BIT_CONVERSION = YES;
				GCC_WARN_ABOUT_RETURN_TYPE = YES_ERROR;
				GCC_WARN_UNDECLARED_SELECTOR = YES;
				GCC_WARN_UNINITIALIZED_AUTOS = YES_AGGRESSIVE;
				GCC_WARN_UNUSED_FUNCTION = YES;
				GCC_WARN_UNUSED_VARIABLE = YES;
				IPHONEOS_DEPLOYMENT_TARGET = 10.3;
				MTL_ENABLE_DEBUG_INFO = YES;
				ONLY_ACTIVE_ARCH = YES;
				SDKROOT = iphoneos;
				SWIFT_ACTIVE_COMPILATION_CONDITIONS = DEBUG;
				SWIFT_OPTIMIZATION_LEVEL = "-Onone";
				TARGETED_DEVICE_FAMILY = "1,2";
			};
			name = Debug;
		};
		49229DCD1F0540A5007772BF /* Release */ = {
			isa = XCBuildConfiguration;
			buildSettings = {
				ALWAYS_SEARCH_USER_PATHS = NO;
				CLANG_ANALYZER_NONNULL = YES;
				CLANG_ANALYZER_NUMBER_OBJECT_CONVERSION = YES_AGGRESSIVE;
				CLANG_CXX_LANGUAGE_STANDARD = "gnu++0x";
				CLANG_CXX_LIBRARY = "libc++";
				CLANG_ENABLE_MODULES = YES;
				CLANG_ENABLE_OBJC_ARC = YES;
				CLANG_WARN_BOOL_CONVERSION = YES;
				CLANG_WARN_CONSTANT_CONVERSION = YES;
				CLANG_WARN_DIRECT_OBJC_ISA_USAGE = YES_ERROR;
				CLANG_WARN_DOCUMENTATION_COMMENTS = YES;
				CLANG_WARN_EMPTY_BODY = YES;
				CLANG_WARN_ENUM_CONVERSION = YES;
				CLANG_WARN_INFINITE_RECURSION = YES;
				CLANG_WARN_INT_CONVERSION = YES;
				CLANG_WARN_OBJC_ROOT_CLASS = YES_ERROR;
				CLANG_WARN_SUSPICIOUS_MOVE = YES;
				CLANG_WARN_UNREACHABLE_CODE = YES;
				CLANG_WARN__DUPLICATE_METHOD_MATCH = YES;
				"CODE_SIGN_IDENTITY[sdk=iphoneos*]" = "iPhone Developer";
				COPY_PHASE_STRIP = NO;
				DEBUG_INFORMATION_FORMAT = "dwarf-with-dsym";
				ENABLE_NS_ASSERTIONS = NO;
				ENABLE_STRICT_OBJC_MSGSEND = YES;
				GCC_C_LANGUAGE_STANDARD = gnu99;
				GCC_NO_COMMON_BLOCKS = YES;
				GCC_WARN_64_TO_32_BIT_CONVERSION = YES;
				GCC_WARN_ABOUT_RETURN_TYPE = YES_ERROR;
				GCC_WARN_UNDECLARED_SELECTOR = YES;
				GCC_WARN_UNINITIALIZED_AUTOS = YES_AGGRESSIVE;
				GCC_WARN_UNUSED_FUNCTION = YES;
				GCC_WARN_UNUSED_VARIABLE = YES;
				IPHONEOS_DEPLOYMENT_TARGET = 10.3;
				MTL_ENABLE_DEBUG_INFO = NO;
				SDKROOT = iphoneos;
				SWIFT_OPTIMIZATION_LEVEL = "-Owholemodule";
				TARGETED_DEVICE_FAMILY = "1,2";
				VALIDATE_PRODUCT = YES;
			};
			name = Release;
		};
		49229DCF1F0540A5007772BF /* Debug */ = {
			isa = XCBuildConfiguration;
			buildSettings = {
				ASSETCATALOG_COMPILER_APPICON_NAME = AppIcon;
				INFOPLIST_FILE = LikeRainningDays/Info.plist;
				LD_RUNPATH_SEARCH_PATHS = "$(inherited) @executable_path/Frameworks";
				PRODUCT_BUNDLE_IDENTIFIER = com.yanjiahua.LikeRainningDays;
				PRODUCT_NAME = "$(TARGET_NAME)";
				SWIFT_VERSION = 3.0;
			};
			name = Debug;
		};
		49229DD01F0540A5007772BF /* Release */ = {
			isa = XCBuildConfiguration;
			buildSettings = {
				ASSETCATALOG_COMPILER_APPICON_NAME = AppIcon;
				INFOPLIST_FILE = LikeRainningDays/Info.plist;
				LD_RUNPATH_SEARCH_PATHS = "$(inherited) @executable_path/Frameworks";
				PRODUCT_BUNDLE_IDENTIFIER = com.yanjiahua.LikeRainningDays;
				PRODUCT_NAME = "$(TARGET_NAME)";
				SWIFT_VERSION = 3.0;
			};
			name = Release;
		};
/* End XCBuildConfiguration section */

/* Begin XCConfigurationList section */
		49229DB71F0540A5007772BF /* Build configuration list for PBXProject "LikeRainningDays" */ = {
			isa = XCConfigurationList;
			buildConfigurations = (
				49229DCC1F0540A5007772BF /* Debug */,
				49229DCD1F0540A5007772BF /* Release */,
			);
			defaultConfigurationIsVisible = 0;
			defaultConfigurationName = Release;
		};
		49229DCE1F0540A5007772BF /* Build configuration list for PBXNativeTarget "LikeRainningDays" */ = {
			isa = XCConfigurationList;
			buildConfigurations = (
				49229DCF1F0540A5007772BF /* Debug */,
				49229DD01F0540A5007772BF /* Release */,
			);
			defaultConfigurationIsVisible = 0;
		};
/* End XCConfigurationList section */
	};
	rootObject = 49229DB41F0540A5007772BF /* Project object */;
}
